
Microsoft Visual Studio Solution File, Format Version 12.00
# Visual Studio 15
VisualStudioVersion = 15.0.27130.2024
MinimumVisualStudioVersion = 10.0.40219.1
Project("{9A19103F-16F7-4668-BE54-9A1E7A4F7556}") = "TourOfHeroesService.API", "TourOfHeroesService.API\TourOfHeroesService.API.csproj", "{7FDD82EB-EBED-43B7-ABC5-0EC8D5F36286}"
EndProject
Project("{9A19103F-16F7-4668-BE54-9A1E7A4F7556}") = "TourOfHeroesService.Data", "TourOfHeroesService.Data\TourOfHeroesService.Data.csproj", "{39F9E085-F315-4852-B93F-874F84736FE9}"
EndProject
Project("{FAE04EC0-301F-11D3-BF4B-00C04F79EFBC}") = "TourOfHeroesService.Infrastructure", "TourOfHeroesService.Infrastructure\TourOfHeroesService.Infrastructure.csproj", "{7AB9AA9D-B801-4D0E-A883-6CCAD08E4E6B}"
EndProject
Project("{FAE04EC0-301F-11D3-BF4B-00C04F79EFBC}") = "TourOfHeroesService.Services", "TourOfHeroesService.Services\TourOfHeroesService.Services.csproj", "{EF13433E-A769-4651-ACE6-BAA3FF54573D}"
EndProject
Global
	GlobalSection(SolutionConfigurationPlatforms) = preSolution
		Debug|Any CPU = Debug|Any CPU
		Release|Any CPU = Release|Any CPU
	EndGlobalSection
	GlobalSection(ProjectConfigurationPlatforms) = postSolution
		{7FDD82EB-EBED-43B7-ABC5-0EC8D5F36286}.Debug|Any CPU.ActiveCfg = Debug|Any CPU
		{7FDD82EB-EBED-43B7-ABC5-0EC8D5F36286}.Debug|Any CPU.Build.0 = Debug|Any CPU
		{7FDD82EB-EBED-43B7-ABC5-0EC8D5F36286}.Release|Any CPU.ActiveCfg = Release|Any CPU
		{7FDD82EB-EBED-43B7-ABC5-0EC8D5F36286}.Release|Any CPU.Build.0 = Release|Any CPU
		{39F9E085-F315-4852-B93F-874F84736FE9}.Debug|Any CPU.ActiveCfg = Debug|Any CPU
		{39F9E085-F315-4852-B93F-874F84736FE9}.Debug|Any CPU.Build.0 = Debug|Any CPU
		{39F9E085-F315-4852-B93F-874F84736FE9}.Release|Any CPU.ActiveCfg = Release|Any CPU
		{39F9E085-F315-4852-B93F-874F84736FE9}.Release|Any CPU.Build.0 = Release|Any CPU
		{7AB9AA9D-B801-4D0E-A883-6CCAD08E4E6B}.Debug|Any CPU.ActiveCfg = Debug|Any CPU
		{7AB9AA9D-B801-4D0E-A883-6CCAD08E4E6B}.Debug|Any CPU.Build.0 = Debug|Any CPU
		{7AB9AA9D-B801-4D0E-A883-6CCAD08E4E6B}.Release|Any CPU.ActiveCfg = Release|Any CPU
		{7AB9AA9D-B801-4D0E-A883-6CCAD08E4E6B}.Release|Any CPU.Build.0 = Release|Any CPU
		{EF13433E-A769-4651-ACE6-BAA3FF54573D}.Debug|Any CPU.ActiveCfg = Debug|Any CPU
		{EF13433E-A769-4651-ACE6-BAA3FF54573D}.Debug|Any CPU.Build.0 = Debug|Any CPU
		{EF13433E-A769-4651-ACE6-BAA3FF54573D}.Release|Any CPU.ActiveCfg = Release|Any CPU
		{EF13433E-A769-4651-ACE6-BAA3FF54573D}.Release|Any CPU.Build.0 = Release|Any CPU
	EndGlobalSection
	GlobalSection(SolutionProperties) = preSolution
		HideSolutionNode = FALSE
	EndGlobalSection
	GlobalSection(ExtensibilityGlobals) = postSolution
		SolutionGuid = {B381184B-5B99-4745-9B04-E4105C79F5B6}
	EndGlobalSection
EndGlobal
